
Microsoft Visual Studio Solution File, Format Version 12.00
# Visual Studio Version 17
VisualStudioVersion = 17.1.32407.343
MinimumVisualStudioVersion = 10.0.40219.1
Project("{9A19103F-16F7-4668-BE54-9A1E7A4F7556}") = "TopCoders POOI Aula1", "TopCoders POOI\TopCoders POOI Aula1.csproj", "{FE78D3A5-49A0-40E7-8590-70C2EE9E3BF2}"
EndProject
Project("{2150E333-8FDC-42A3-9474-1A3956D46DE8}") = "POOI Aula 1", "POOI Aula 1", "{856F7D6F-D92A-483E-8C78-7346A8A2A47D}"
EndProject
Project("{2150E333-8FDC-42A3-9474-1A3956D46DE8}") = "POOI Aula 2", "POOI Aula 2", "{91F7444D-3B33-4B09-9B36-A32A45E904A1}"
EndProject
Project("{9A19103F-16F7-4668-BE54-9A1E7A4F7556}") = "TopCoders POOI Aula2", "TopCoders POOI Aula2\TopCoders POOI Aula2.csproj", "{93CA0027-58BC-4035-90B9-27A2BBED2E72}"
EndProject
Project("{2150E333-8FDC-42A3-9474-1A3956D46DE8}") = "Exercicio Aula 3", "Exercicio Aula 3", "{322929C2-06F4-4EC6-A9BC-0D4EDEBC45B4}"
EndProject
Project("{9A19103F-16F7-4668-BE54-9A1E7A4F7556}") = "TopCoders POOI Aula 3 Exercicio", "TopCoders Aula 3 Exercicio\TopCoders POOI Aula 3 Exercicio.csproj", "{1D70D46B-32A8-4476-96EF-6B07993EC365}"
EndProject
Project("{2150E333-8FDC-42A3-9474-1A3956D46DE8}") = "POOI Aula 3", "POOI Aula 3", "{F7E6ED04-84EB-4820-9A7E-688CC1C71573}"
EndProject
Project("{FAE04EC0-301F-11D3-BF4B-00C04F79EFBC}") = "TopCoders POOI Aula 3", "TopCoders POOI Aula 3\TopCoders POOI Aula 3.csproj", "{27A255D3-AADD-432F-A18C-B6495769C47D}"
EndProject
Project("{2150E333-8FDC-42A3-9474-1A3956D46DE8}") = "POOI Aula 4", "POOI Aula 4", "{9AC1A0B0-2399-4925-800D-A3333D6032F8}"
EndProject
Project("{FAE04EC0-301F-11D3-BF4B-00C04F79EFBC}") = "TopCoders POOI Aula4", "TopCoders POOI Aula4\TopCoders POOI Aula4.csproj", "{FB780F26-341E-42A7-AE1F-520420E54AF1}"
EndProject
Project("{2150E333-8FDC-42A3-9474-1A3956D46DE8}") = "POOI Aula 5", "POOI Aula 5", "{35754962-C750-43A8-B3E6-485732B42768}"
EndProject
Project("{FAE04EC0-301F-11D3-BF4B-00C04F79EFBC}") = "TopCoders POOI Aula5", "TopCoders POOI Aula5\TopCoders POOI Aula5.csproj", "{97224E9C-D3BF-4E26-BF06-5ED848B1D049}"
EndProject
Project("{2150E333-8FDC-42A3-9474-1A3956D46DE8}") = "Desenvolvimento Aula 5", "Desenvolvimento Aula 5", "{519F7D26-7AC1-4A1D-9019-7F78AFEAEA4A}"
EndProject
Project("{FAE04EC0-301F-11D3-BF4B-00C04F79EFBC}") = "TopCoders POOI Desenvolvimento Aula5", "TopCoders POOI Desenvolvimento Aula5\TopCoders POOI Desenvolvimento Aula5.csproj", "{DFA0EA4D-E954-4BDE-8802-DD3934C0E361}"
EndProject
Global
	GlobalSection(SolutionConfigurationPlatforms) = preSolution
		Debug|Any CPU = Debug|Any CPU
		Release|Any CPU = Release|Any CPU
	EndGlobalSection
	GlobalSection(ProjectConfigurationPlatforms) = postSolution
		{FE78D3A5-49A0-40E7-8590-70C2EE9E3BF2}.Debug|Any CPU.ActiveCfg = Debug|Any CPU
		{FE78D3A5-49A0-40E7-8590-70C2EE9E3BF2}.Debug|Any CPU.Build.0 = Debug|Any CPU
		{FE78D3A5-49A0-40E7-8590-70C2EE9E3BF2}.Release|Any CPU.ActiveCfg = Release|Any CPU
		{FE78D3A5-49A0-40E7-8590-70C2EE9E3BF2}.Release|Any CPU.Build.0 = Release|Any CPU
		{93CA0027-58BC-4035-90B9-27A2BBED2E72}.Debug|Any CPU.ActiveCfg = Debug|Any CPU
		{93CA0027-58BC-4035-90B9-27A2BBED2E72}.Debug|Any CPU.Build.0 = Debug|Any CPU
		{93CA0027-58BC-4035-90B9-27A2BBED2E72}.Release|Any CPU.ActiveCfg = Release|Any CPU
		{93CA0027-58BC-4035-90B9-27A2BBED2E72}.Release|Any CPU.Build.0 = Release|Any CPU
		{1D70D46B-32A8-4476-96EF-6B07993EC365}.Debug|Any CPU.ActiveCfg = Debug|Any CPU
		{1D70D46B-32A8-4476-96EF-6B07993EC365}.Debug|Any CPU.Build.0 = Debug|Any CPU
		{1D70D46B-32A8-4476-96EF-6B07993EC365}.Release|Any CPU.ActiveCfg = Release|Any CPU
		{1D70D46B-32A8-4476-96EF-6B07993EC365}.Release|Any CPU.Build.0 = Release|Any CPU
		{27A255D3-AADD-432F-A18C-B6495769C47D}.Debug|Any CPU.ActiveCfg = Debug|Any CPU
		{27A255D3-AADD-432F-A18C-B6495769C47D}.Debug|Any CPU.Build.0 = Debug|Any CPU
		{27A255D3-AADD-432F-A18C-B6495769C47D}.Release|Any CPU.ActiveCfg = Release|Any CPU
		{27A255D3-AADD-432F-A18C-B6495769C47D}.Release|Any CPU.Build.0 = Release|Any CPU
		{FB780F26-341E-42A7-AE1F-520420E54AF1}.Debug|Any CPU.ActiveCfg = Debug|Any CPU
		{FB780F26-341E-42A7-AE1F-520420E54AF1}.Debug|Any CPU.Build.0 = Debug|Any CPU
		{FB780F26-341E-42A7-AE1F-520420E54AF1}.Release|Any CPU.ActiveCfg = Release|Any CPU
		{FB780F26-341E-42A7-AE1F-520420E54AF1}.Release|Any CPU.Build.0 = Release|Any CPU
		{97224E9C-D3BF-4E26-BF06-5ED848B1D049}.Debug|Any CPU.ActiveCfg = Debug|Any CPU
		{97224E9C-D3BF-4E26-BF06-5ED848B1D049}.Debug|Any CPU.Build.0 = Debug|Any CPU
		{97224E9C-D3BF-4E26-BF06-5ED848B1D049}.Release|Any CPU.ActiveCfg = Release|Any CPU
		{97224E9C-D3BF-4E26-BF06-5ED848B1D049}.Release|Any CPU.Build.0 = Release|Any CPU
		{DFA0EA4D-E954-4BDE-8802-DD3934C0E361}.Debug|Any CPU.ActiveCfg = Debug|Any CPU
		{DFA0EA4D-E954-4BDE-8802-DD3934C0E361}.Debug|Any CPU.Build.0 = Debug|Any CPU
		{DFA0EA4D-E954-4BDE-8802-DD3934C0E361}.Release|Any CPU.ActiveCfg = Release|Any CPU
		{DFA0EA4D-E954-4BDE-8802-DD3934C0E361}.Release|Any CPU.Build.0 = Release|Any CPU
	EndGlobalSection
	GlobalSection(SolutionProperties) = preSolution
		HideSolutionNode = FALSE
	EndGlobalSection
	GlobalSection(NestedProjects) = preSolution
		{FE78D3A5-49A0-40E7-8590-70C2EE9E3BF2} = {856F7D6F-D92A-483E-8C78-7346A8A2A47D}
		{93CA0027-58BC-4035-90B9-27A2BBED2E72} = {91F7444D-3B33-4B09-9B36-A32A45E904A1}
		{1D70D46B-32A8-4476-96EF-6B07993EC365} = {322929C2-06F4-4EC6-A9BC-0D4EDEBC45B4}
		{27A255D3-AADD-432F-A18C-B6495769C47D} = {F7E6ED04-84EB-4820-9A7E-688CC1C71573}
		{FB780F26-341E-42A7-AE1F-520420E54AF1} = {9AC1A0B0-2399-4925-800D-A3333D6032F8}
		{97224E9C-D3BF-4E26-BF06-5ED848B1D049} = {35754962-C750-43A8-B3E6-485732B42768}
		{DFA0EA4D-E954-4BDE-8802-DD3934C0E361} = {519F7D26-7AC1-4A1D-9019-7F78AFEAEA4A}
	EndGlobalSection
	GlobalSection(ExtensibilityGlobals) = postSolution
		SolutionGuid = {66611E27-C1DB-4416-AD0D-5BAFEA5B1258}
	EndGlobalSection
EndGlobal
